github.com/go-logr/logr v1.2.0 h1:QK40JKJyMdUDz+h+xvCsru/bJhvG0UxvePV0ufL/AcE=
github.com/go-logr/logr v1.2.0/go.mod h1:jdQByPbusPIv2/zmleS9BjJVeZ6kBagPoEUsqbVz/1A=
github.com/go-logr/stdr v1.2.0 h1:j4LrlVXgrbIWO83mmQUnK0Hi+YnbD+vzrE1z/EphbFE=
github.com/go-logr/stdr v1.2.0/go.mod h1:YkVgnZu1ZjjL7xTxrfm/LLZBfkhTqSR1ydtm6jTKKwI=
